
Microsoft Visual Studio Solution File, Format Version 12.00
# Visual Studio Version 16
VisualStudioVersion = 16.0.31729.503
MinimumVisualStudioVersion = 10.0.40219.1
Project("{FAE04EC0-301F-11D3-BF4B-00C04F79EFBC}") = "Entity", "Entity\Entity.csproj", "{492BA7B0-FDBE-48E9-8E93-DC4A7AB29FB2}"
EndProject
Project("{FAE04EC0-301F-11D3-BF4B-00C04F79EFBC}") = "Business", "Business\Business.csproj", "{AB65F8F9-7B5B-4221-A830-C857BD322EF0}"
EndProject
Project("{FAE04EC0-301F-11D3-BF4B-00C04F79EFBC}") = "Data", "Data\Data.csproj", "{38EA15AC-F73D-43BF-938A-7F9AE113553F}"
EndProject
Project("{FAE04EC0-301F-11D3-BF4B-00C04F79EFBC}") = "universidad_Back", "universidad_Back\universidad_Back.csproj", "{0BC8FBE6-BD7D-4086-BCED-5FC693037752}"
EndProject
Global
	GlobalSection(SolutionConfigurationPlatforms) = preSolution
		Debug|Any CPU = Debug|Any CPU
		Release|Any CPU = Release|Any CPU
	EndGlobalSection
	GlobalSection(ProjectConfigurationPlatforms) = postSolution
		{492BA7B0-FDBE-48E9-8E93-DC4A7AB29FB2}.Debug|Any CPU.ActiveCfg = Debug|Any CPU
		{492BA7B0-FDBE-48E9-8E93-DC4A7AB29FB2}.Debug|Any CPU.Build.0 = Debug|Any CPU
		{492BA7B0-FDBE-48E9-8E93-DC4A7AB29FB2}.Release|Any CPU.ActiveCfg = Release|Any CPU
		{492BA7B0-FDBE-48E9-8E93-DC4A7AB29FB2}.Release|Any CPU.Build.0 = Release|Any CPU
		{AB65F8F9-7B5B-4221-A830-C857BD322EF0}.Debug|Any CPU.ActiveCfg = Debug|Any CPU
		{AB65F8F9-7B5B-4221-A830-C857BD322EF0}.Debug|Any CPU.Build.0 = Debug|Any CPU
		{AB65F8F9-7B5B-4221-A830-C857BD322EF0}.Release|Any CPU.ActiveCfg = Release|Any CPU
		{AB65F8F9-7B5B-4221-A830-C857BD322EF0}.Release|Any CPU.Build.0 = Release|Any CPU
		{38EA15AC-F73D-43BF-938A-7F9AE113553F}.Debug|Any CPU.ActiveCfg = Debug|Any CPU
		{38EA15AC-F73D-43BF-938A-7F9AE113553F}.Debug|Any CPU.Build.0 = Debug|Any CPU
		{38EA15AC-F73D-43BF-938A-7F9AE113553F}.Release|Any CPU.ActiveCfg = Release|Any CPU
		{38EA15AC-F73D-43BF-938A-7F9AE113553F}.Release|Any CPU.Build.0 = Release|Any CPU
		{0BC8FBE6-BD7D-4086-BCED-5FC693037752}.Debug|Any CPU.ActiveCfg = Debug|Any CPU
		{0BC8FBE6-BD7D-4086-BCED-5FC693037752}.Debug|Any CPU.Build.0 = Debug|Any CPU
		{0BC8FBE6-BD7D-4086-BCED-5FC693037752}.Release|Any CPU.ActiveCfg = Release|Any CPU
		{0BC8FBE6-BD7D-4086-BCED-5FC693037752}.Release|Any CPU.Build.0 = Release|Any CPU
	EndGlobalSection
	GlobalSection(SolutionProperties) = preSolution
		HideSolutionNode = FALSE
	EndGlobalSection
	GlobalSection(ExtensibilityGlobals) = postSolution
		SolutionGuid = {04940E6F-AD13-4A45-8DEE-9D202DEADBEC}
	EndGlobalSection
EndGlobal
